version = 1
revision = 1
requires-python = ">=3.10"
resolution-markers = [
    "python_full_version >= '3.11'",
    "python_full_version < '3.11'",
]

[[package]]
name = "ioh"
version = "0.3.19"
source = { registry = "https://pypi.org/simple" }
dependencies = [
    { name = "numpy", version = "2.2.6", source = { registry = "https://pypi.org/simple" }, marker = "python_full_version < '3.11'" },
    { name = "numpy", version = "2.3.2", source = { registry = "https://pypi.org/simple" }, marker = "python_full_version >= '3.11'" },
]
sdist = { url = "https://files.pythonhosted.org/packages/ad/67/88287a54f9c16beb8dddc61e2743c6b6c01c54d52772c86822dd7bd0e821/ioh-0.3.19.tar.gz", hash = "sha256:a9cb74af46ec9f16447e76b34fd88b71f1a2e8abe5ba9313efec8ee89874dad9", size = 7981751 }
wheels = [
    { url = "https://files.pythonhosted.org/packages/26/92/bc91b58778871197a1a8300c69c62c9dcc3ab5437e2e07781543e0417295/ioh-0.3.19-cp310-cp310-macosx_10_15_x86_64.whl", hash = "sha256:3ebb9f7eacba872074613a6695ccc4181a56a02102f5fb014295b82241ea250c", size = 8246865 },
    { url = "https://files.pythonhosted.org/packages/95/50/d7dfd789c961ab32c3b81fa4430709b72febfa580e97e9f60f3027538c47/ioh-0.3.19-cp310-cp310-macosx_11_0_arm64.whl", hash = "sha256:47f7c7e466db1aee747b47665707dc908633d740fe5d972e3fd6889fa66f8d7c", size = 8153996 },
    { url = "https://files.pythonhosted.org/packages/06/ad/6e73bcbec8b1b721b483c5eb078872589b3c21d8dbcf8222a28cd85bb9c2/ioh-0.3.19-cp310-cp310-manylinux_2_17_i686.manylinux2014_i686.whl", hash = "sha256:cfd9633a035bd75cff40028ac41b2928ec891a3ec01acad51b95ca5512a34226", size = 8581671 },
    { url = "https://files.pythonhosted.org/packages/39/f0/68fa0d8451d9d395ed03724a040be9fbccff4323cb3de1e24ec268b80d01/ioh-0.3.19-cp310-cp310-manylinux_2_17_x86_64.manylinux2014_x86_64.whl", hash = "sha256:fd6b5b3d4c19f25e81fdf548535830f7cf13691bade70bb19eb68b05f835c7e6", size = 8516368 },
    { url = "https://files.pythonhosted.org/packages/f0/06/48b66af66dba0c105c9489f0b4ebededeeecb5cc7294647b9887a2d5c9ff/ioh-0.3.19-cp310-cp310-win32.whl", hash = "sha256:d085c2b3582f1f130f18d8b855feb5985e21bd9eb62a3f15114a449702d9ceed", size = 8008692 },
    { url = "https://files.pythonhosted.org/packages/0e/30/bfd4265f97884c64b976207630919cffbe604d22e11a1d46e174e09f42ff/ioh-0.3.19-cp310-cp310-win_amd64.whl", hash = "sha256:0c8d0b747d92e2416dff6ef28dad19957f5af13eeb944dd6f427e4865a3837c6", size = 8117659 },
    { url = "https://files.pythonhosted.org/packages/b3/59/e9fbbdbae9897e04c453fac7a2164b71dbe8160607ee24ba3971c0bccbb5/ioh-0.3.19-cp311-cp311-macosx_10_15_x86_64.whl", hash = "sha256:301dfbe56cb67e24188cd47149f8bf09cb4ca9ffdd8c035a74e63576da4971a9", size = 8247769 },
    { url = "https://files.pythonhosted.org/packages/ea/93/18210f5d73cb85ceac574905df494866ce568d48177315f6e409e27b91f2/ioh-0.3.19-cp311-cp311-macosx_11_0_arm64.whl", hash = "sha256:fb34e49f7a764c707bd78eace8253f97af01c86b80e1d91b5a9852e2dffb77c3", size = 8155209 },
    { url = "https://files.pythonhosted.org/packages/3e/c8/87ac9c80df2a205b03d3bdf91983b4fd30ae95aa8dc4bb021234e85e1f7d/ioh-0.3.19-cp311-cp311-manylinux_2_17_i686.manylinux2014_i686.whl", hash = "sha256:a7df8b4e37eb5f0dc615074c9a29885dedd76201d8248b70c2d3569baa6e4590", size = 8583375 },
    { url = "https://files.pythonhosted.org/packages/40/78/a13d6e068c48e435b1cb2fc09aff053e79033f9c19872c990a2b8e2b09bc/ioh-0.3.19-cp311-cp311-manylinux_2_17_x86_64.manylinux2014_x86_64.whl", hash = "sha256:7f6263040a43da6a2aa026341ad46697907d7fd49c9027905b9eb6039b0dfeb9", size = 8518930 },
    { url = "https://files.pythonhosted.org/packages/50/45/9cebd91b989a548d4f215f50f83f23b0a61004dbf7cd4e5594d8b9bebc79/ioh-0.3.19-cp311-cp311-win32.whl", hash = "sha256:c646dde320648726b2979773ca17010bbae7ab106356eedb16d63916329c3cd5", size = 8009380 },
    { url = "https://files.pythonhosted.org/packages/7f/f8/d16f84e31dc8df4860232ef868001f5e7d825fe15bdcc56696ccbe7d93f3/ioh-0.3.19-cp311-cp311-win_amd64.whl", hash = "sha256:410dc99ef4f93ab50c56d259e24ef8b79e5efac387f64a01e5b9ca3f8e88ec02", size = 8118436 },
    { url = "https://files.pythonhosted.org/packages/68/8b/9de0de0aaf8b41ef33f8c700515fb0509070f42e5cc1731116d46e0ab353/ioh-0.3.19-cp312-cp312-macosx_10_15_x86_64.whl", hash = "sha256:42e6a5eebc3b6b829eda82a7c369874a5821af383456d382e067968717bdd30c", size = 8257558 },
    { url = "https://files.pythonhosted.org/packages/54/a5/0d479094f89a8796b084567cbb60e5962bf7356378e69329c2e607b8793f/ioh-0.3.19-cp312-cp312-macosx_11_0_arm64.whl", hash = "sha256:34f85d7ae84b73dbb5da0af22e6297ad4b4f09497715dc863acc6b0832c2294a", size = 8159352 },
    { url = "https://files.pythonhosted.org/packages/f7/92/fa5ec633ba1723ca43f3cb851187505e3ecfa55e65c8a6673c977fb676a9/ioh-0.3.19-cp312-cp312-manylinux_2_17_i686.manylinux2014_i686.whl", hash = "sha256:c2747b9b413635cb6f4c11eb2ab3573aea000fea369cbf88da32a43288aa6e57", size = 8578524 },
    { url = "https://files.pythonhosted.org/packages/fe/79/14c01beb3c969896d4c28facc17c5eae41a98f711c37dab70fc1aa822a9a/ioh-0.3.19-cp312-cp312-manylinux_2_17_x86_64.manylinux2014_x86_64.whl", hash = "sha256:2d24211c1d8933d17fba2af06740c0659c97203d977941d0e7d17d97150ddae4", size = 8513442 },
    { url = "https://files.pythonhosted.org/packages/c6/22/35dff955c8b2974b87e042cedc22e649bc7c11db38bc4d6c7fa8c4094b91/ioh-0.3.19-cp312-cp312-win32.whl", hash = "sha256:a23e72d84fcd9813ca2f978944592ec20fb55e357403935a41de265e063849a1", size = 8007002 },
    { url = "https://files.pythonhosted.org/packages/e7/24/1a611125595fb75f72aab9471b5b11ffaec35069cd57133df0e523c4d509/ioh-0.3.19-cp312-cp312-win_amd64.whl", hash = "sha256:bbe520d11d3deb2277928829ca1ff09f7ade963e085f1fba269d7730997330b9", size = 8120426 },
]

[[package]]
name = "ioh-experiment"
version = "0.1.0"
source = { virtual = "." }
dependencies = [
    { name = "ioh" },
    { name = "numpy", version = "2.2.6", source = { registry = "https://pypi.org/simple" }, marker = "python_full_version < '3.11'" },
    { name = "numpy", version = "2.3.2", source = { registry = "https://pypi.org/simple" }, marker = "python_full_version >= '3.11'" },
]

[package.metadata]
requires-dist = [
    { name = "ioh", specifier = ">=0.3.19" },
    { name = "numpy", specifier = ">=2.2.6" },
]

[[package]]
name = "numpy"
version = "2.2.6"
source = { registry = "https://pypi.org/simple" }
resolution-markers = [
    "python_full_version < '3.11'",
]
sdist = { url = "https://files.pythonhosted.org/packages/76/21/7d2a95e4bba9dc13d043ee156a356c0a8f0c6309dff6b21b4d71a073b8a8/numpy-2.2.6.tar.gz", hash = "sha256:e29554e2bef54a90aa5cc07da6ce955accb83f21ab5de01a62c8478897b264fd", size = 20276440 }
wheels = [
    { url = "https://files.pythonhosted.org/packages/9a/3e/ed6db5be21ce87955c0cbd3009f2803f59fa08df21b5df06862e2d8e2bdd/numpy-2.2.6-cp310-cp310-macosx_10_9_x86_64.whl", hash = "sha256:b412caa66f72040e6d268491a59f2c43bf03eb6c96dd8f0307829feb7fa2b6fb", size = 21165245 },
    { url = "https://files.pythonhosted.org/packages/22/c2/4b9221495b2a132cc9d2eb862e21d42a009f5a60e45fc44b00118c174bff/numpy-2.2.6-cp310-cp310-macosx_11_0_arm64.whl", hash = "sha256:8e41fd67c52b86603a91c1a505ebaef50b3314de0213461c7a6e99c9a3beff90", size = 14360048 },
    { url = "https://files.pythonhosted.org/packages/fd/77/dc2fcfc66943c6410e2bf598062f5959372735ffda175b39906d54f02349/numpy-2.2.6-cp310-cp310-macosx_14_0_arm64.whl", hash = "sha256:37e990a01ae6ec7fe7fa1c26c55ecb672dd98b19c3d0e1d1f326fa13cb38d163", size = 5340542 },
    { url = "https://files.pythonhosted.org/packages/7a/4f/1cb5fdc353a5f5cc7feb692db9b8ec2c3d6405453f982435efc52561df58/numpy-2.2.6-cp310-cp310-macosx_14_0_x86_64.whl", hash = "sha256:5a6429d4be8ca66d889b7cf70f536a397dc45ba6faeb5f8c5427935d9592e9cf", size = 6878301 },
    { url = "https://files.pythonhosted.org/packages/eb/17/96a3acd228cec142fcb8723bd3cc39c2a474f7dcf0a5d16731980bcafa95/numpy-2.2.6-cp310-cp310-manylinux_2_17_aarch64.manylinux2014_aarch64.whl", hash = "sha256:efd28d4e9cd7d7a8d39074a4d44c63eda73401580c5c76acda2ce969e0a38e83", size = 14297320 },
    { url = "https://files.pythonhosted.org/packages/b4/63/3de6a34ad7ad6646ac7d2f55ebc6ad439dbbf9c4370017c50cf403fb19b5/numpy-2.2.6-cp310-cp310-manylinux_2_17_x86_64.manylinux2014_x86_64.whl", hash = "sha256:fc7b73d02efb0e18c000e9ad8b83480dfcd5dfd11065997ed4c6747470ae8915", size = 16801050 },
    { url = "https://files.pythonhosted.org/packages/07/b6/89d837eddef52b3d0cec5c6ba0456c1bf1b9ef6a6672fc2b7873c3ec4e2e/numpy-2.2.6-cp310-cp310-musllinux_1_2_aarch64.whl", hash = "sha256:74d4531beb257d2c3f4b261bfb0fc09e0f9ebb8842d82a7b4209415896adc680", size = 15807034 },
    { url = "https://files.pythonhosted.org/packages/01/c8/dc6ae86e3c61cfec1f178e5c9f7858584049b6093f843bca541f94120920/numpy-2.2.6-cp310-cp310-musllinux_1_2_x86_64.whl", hash = "sha256:8fc377d995680230e83241d8a96def29f204b5782f371c532579b4f20607a289", size = 18614185 },
    { url = "https://files.pythonhosted.org/packages/5b/c5/0064b1b7e7c89137b471ccec1fd2282fceaae0ab3a9550f2568782d80357/numpy-2.2.6-cp310-cp310-win32.whl", hash = "sha256:b093dd74e50a8cba3e873868d9e93a85b78e0daf2e98c6797566ad8044e8363d", size = 6527149 },
    { url = "https://files.pythonhosted.org/packages/a3/dd/4b822569d6b96c39d1215dbae0582fd99954dcbcf0c1a13c61783feaca3f/numpy-2.2.6-cp310-cp310-win_amd64.whl", hash = "sha256:f0fd6321b839904e15c46e0d257fdd101dd7f530fe03fd6359c1ea63738703f3", size = 12904620 },
    { url = "https://files.pythonhosted.org/packages/da/a8/4f83e2aa666a9fbf56d6118faaaf5f1974d456b1823fda0a176eff722839/numpy-2.2.6-cp311-cp311-macosx_10_9_x86_64.whl", hash = "sha256:f9f1adb22318e121c5c69a09142811a201ef17ab257a1e66ca3025065b7f53ae", size = 21176963 },
    { url = "https://files.pythonhosted.org/packages/b3/2b/64e1affc7972decb74c9e29e5649fac940514910960ba25cd9af4488b66c/numpy-2.2.6-cp311-cp311-macosx_11_0_arm64.whl", hash = "sha256:c820a93b0255bc360f53eca31a0e676fd1101f673dda8da93454a12e23fc5f7a", size = 14406743 },
    { url = "https://files.pythonhosted.org/packages/4a/9f/0121e375000b5e50ffdd8b25bf78d8e1a5aa4cca3f185d41265198c7b834/numpy-2.2.6-cp311-cp311-macosx_14_0_arm64.whl", hash = "sha256:3d70692235e759f260c3d837193090014aebdf026dfd167834bcba43e30c2a42", size = 5352616 },
    { url = "https://files.pythonhosted.org/packages/31/0d/b48c405c91693635fbe2dcd7bc84a33a602add5f63286e024d3b6741411c/numpy-2.2.6-cp311-cp311-macosx_14_0_x86_64.whl", hash = "sha256:481b49095335f8eed42e39e8041327c05b0f6f4780488f61286ed3c01368d491", size = 6889579 },
    { url = "https://files.pythonhosted.org/packages/52/b8/7f0554d49b565d0171eab6e99001846882000883998e7b7d9f0d98b1f934/numpy-2.2.6-cp311-cp311-manylinux_2_17_aarch64.manylinux2014_aarch64.whl", hash = "sha256:b64d8d4d17135e00c8e346e0a738deb17e754230d7e0810ac5012750bbd85a5a", size = 14312005 },
    { url = "https://files.pythonhosted.org/packages/b3/dd/2238b898e51bd6d389b7389ffb20d7f4c10066d80351187ec8e303a5a475/numpy-2.2.6-cp311-cp311-manylinux_2_17_x86_64.manylinux2014_x86_64.whl", hash = "sha256:ba10f8411898fc418a521833e014a77d3ca01c15b0c6cdcce6a0d2897e6dbbdf", size = 16821570 },
    { url = "https://files.pythonhosted.org/packages/83/6c/44d0325722cf644f191042bf47eedad61c1e6df2432ed65cbe28509d404e/numpy-2.2.6-cp311-cp311-musllinux_1_2_aarch64.whl", hash = "sha256:bd48227a919f1bafbdda0583705e547892342c26fb127219d60a5c36882609d1", size = 15818548 },
    { url = "https://files.pythonhosted.org/packages/ae/9d/81e8216030ce66be25279098789b665d49ff19eef08bfa8cb96d4957f422/numpy-2.2.6-cp311-cp311-musllinux_1_2_x86_64.whl", hash = "sha256:9551a499bf125c1d4f9e250377c1ee2eddd02e01eac6644c080162c0c51778ab", size = 18620521 },
    { url = "https://files.pythonhosted.org/packages/6a/fd/e19617b9530b031db51b0926eed5345ce8ddc669bb3bc0044b23e275ebe8/numpy-2.2.6-cp311-cp311-win32.whl", hash = "sha256:0678000bb9ac1475cd454c6b8c799206af8107e310843532b04d49649c717a47", size = 6525866 },
    { url = "https://files.pythonhosted.org/packages/31/0a/f354fb7176b81747d870f7991dc763e157a934c717b67b58456bc63da3df/numpy-2.2.6-cp311-cp311-win_amd64.whl", hash = "sha256:e8213002e427c69c45a52bbd94163084025f533a55a59d6f9c5b820774ef3303", size = 12907455 },
    { url = "https://files.pythonhosted.org/packages/82/5d/c00588b6cf18e1da539b45d3598d3557084990dcc4331960c15ee776ee41/numpy-2.2.6-cp312-cp312-macosx_10_13_x86_64.whl", hash = "sha256:41c5a21f4a04fa86436124d388f6ed60a9343a6f767fced1a8a71c3fbca038ff", size = 20875348 },
    { url = "https://files.pythonhosted.org/packages/66/ee/560deadcdde6c2f90200450d5938f63a34b37e27ebff162810f716f6a230/numpy-2.2.6-cp312-cp312-macosx_11_0_arm64.whl", hash = "sha256:de749064336d37e340f640b05f24e9e3dd678c57318c7289d222a8a2f543e90c", size = 14119362 },
    { url = "https://files.pythonhosted.org/packages/3c/65/4baa99f1c53b30adf0acd9a5519078871ddde8d2339dc5a7fde80d9d87da/numpy-2.2.6-cp312-cp312-macosx_14_0_arm64.whl", hash = "sha256:894b3a42502226a1cac872f840030665f33326fc3dac8e57c607905773cdcde3", size = 5084103 },
    { url = "https://files.pythonhosted.org/packages/cc/89/e5a34c071a0570cc40c9a54eb472d113eea6d002e9ae12bb3a8407fb912e/numpy-2.2.6-cp312-cp312-macosx_14_0_x86_64.whl", hash = "sha256:71594f7c51a18e728451bb50cc60a3ce4e6538822731b2933209a1f3614e9282", size = 6625382 },
    { url = "https://files.pythonhosted.org/packages/f8/35/8c80729f1ff76b3921d5c9487c7ac3de9b2a103b1cd05e905b3090513510/numpy-2.2.6-cp312-cp312-manylinux_2_17_aarch64.manylinux2014_aarch64.whl", hash = "sha256:f2618db89be1b4e05f7a1a847a9c1c0abd63e63a1607d892dd54668dd92faf87", size = 14018462 },
    { url = "https://files.pythonhosted.org/packages/8c/3d/1e1db36cfd41f895d266b103df00ca5b3cbe965184df824dec5c08c6b803/numpy-2.2.6-cp312-cp312-manylinux_2_17_x86_64.manylinux2014_x86_64.whl", hash = "sha256:fd83c01228a688733f1ded5201c678f0c53ecc1006ffbc404db9f7a899ac6249", size = 16527618 },
    { url = "https://files.pythonhosted.org/packages/61/c6/03ed30992602c85aa3cd95b9070a514f8b3c33e31124694438d88809ae36/numpy-2.2.6-cp312-cp312-musllinux_1_2_aarch64.whl", hash = "sha256:37c0ca431f82cd5fa716eca9506aefcabc247fb27ba69c5062a6d3ade8cf8f49", size = 15505511 },
    { url = "https://files.pythonhosted.org/packages/b7/25/5761d832a81df431e260719ec45de696414266613c9ee268394dd5ad8236/numpy-2.2.6-cp312-cp312-musllinux_1_2_x86_64.whl", hash = "sha256:fe27749d33bb772c80dcd84ae7e8df2adc920ae8297400dabec45f0dedb3f6de", size = 18313783 },
    { url = "https://files.pythonhosted.org/packages/57/0a/72d5a3527c5ebffcd47bde9162c39fae1f90138c961e5296491ce778e682/numpy-2.2.6-cp312-cp312-win32.whl", hash = "sha256:4eeaae00d789f66c7a25ac5f34b71a7035bb474e679f410e5e1a94deb24cf2d4", size = 6246506 },
    { url = "https://files.pythonhosted.org/packages/36/fa/8c9210162ca1b88529ab76b41ba02d433fd54fecaf6feb70ef9f124683f1/numpy-2.2.6-cp312-cp312-win_amd64.whl", hash = "sha256:c1f9540be57940698ed329904db803cf7a402f3fc200bfe599334c9bd84a40b2", size = 12614190 },
    { url = "https://files.pythonhosted.org/packages/f9/5c/6657823f4f594f72b5471f1db1ab12e26e890bb2e41897522d134d2a3e81/numpy-2.2.6-cp313-cp313-macosx_10_13_x86_64.whl", hash = "sha256:0811bb762109d9708cca4d0b13c4f67146e3c3b7cf8d34018c722adb2d957c84", size = 20867828 },
    { url = "https://files.pythonhosted.org/packages/dc/9e/14520dc3dadf3c803473bd07e9b2bd1b69bc583cb2497b47000fed2fa92f/numpy-2.2.6-cp313-cp313-macosx_11_0_arm64.whl", hash = "sha256:287cc3162b6f01463ccd86be154f284d0893d2b3ed7292439ea97eafa8170e0b", size = 14143006 },
    { url = "https://files.pythonhosted.org/packages/4f/06/7e96c57d90bebdce9918412087fc22ca9851cceaf5567a45c1f404480e9e/numpy-2.2.6-cp313-cp313-macosx_14_0_arm64.whl", hash = "sha256:f1372f041402e37e5e633e586f62aa53de2eac8d98cbfb822806ce4bbefcb74d", size = 5076765 },
    { url = "https://files.pythonhosted.org/packages/73/ed/63d920c23b4289fdac96ddbdd6132e9427790977d5457cd132f18e76eae0/numpy-2.2.6-cp313-cp313-macosx_14_0_x86_64.whl", hash = "sha256:55a4d33fa519660d69614a9fad433be87e5252f4b03850642f88993f7b2ca566", size = 6617736 },
    { url = "https://files.pythonhosted.org/packages/85/c5/e19c8f99d83fd377ec8c7e0cf627a8049746da54afc24ef0a0cb73d5dfb5/numpy-2.2.6-cp313-cp313-manylinux_2_17_aarch64.manylinux2014_aarch64.whl", hash = "sha256:f92729c95468a2f4f15e9bb94c432a9229d0d50de67304399627a943201baa2f", size = 14010719 },
    { url = "https://files.pythonhosted.org/packages/19/49/4df9123aafa7b539317bf6d342cb6d227e49f7a35b99c287a6109b13dd93/numpy-2.2.6-cp313-cp313-manylinux_2_17_x86_64.manylinux2014_x86_64.whl", hash = "sha256:1bc23a79bfabc5d056d106f9befb8d50c31ced2fbc70eedb8155aec74a45798f", size = 16526072 },
    { url = "https://files.pythonhosted.org/packages/b2/6c/04b5f47f4f32f7c2b0e7260442a8cbcf8168b0e1a41ff1495da42f42a14f/numpy-2.2.6-cp313-cp313-musllinux_1_2_aarch64.whl", hash = "sha256:e3143e4451880bed956e706a3220b4e5cf6172ef05fcc397f6f36a550b1dd868", size = 15503213 },
    { url = "https://files.pythonhosted.org/packages/17/0a/5cd92e352c1307640d5b6fec1b2ffb06cd0dabe7d7b8227f97933d378422/numpy-2.2.6-cp313-cp313-musllinux_1_2_x86_64.whl", hash = "sha256:b4f13750ce79751586ae2eb824ba7e1e8dba64784086c98cdbbcc6a42112ce0d", size = 18316632 },
    { url = "https://files.pythonhosted.org/packages/f0/3b/5cba2b1d88760ef86596ad0f3d484b1cbff7c115ae2429678465057c5155/numpy-2.2.6-cp313-cp313-win32.whl", hash = "sha256:5beb72339d9d4fa36522fc63802f469b13cdbe4fdab4a288f0c441b74272ebfd", size = 6244532 },
    { url = "https://files.pythonhosted.org/packages/cb/3b/d58c12eafcb298d4e6d0d40216866ab15f59e55d148a5658bb3132311fcf/numpy-2.2.6-cp313-cp313-win_amd64.whl", hash = "sha256:b0544343a702fa80c95ad5d3d608ea3599dd54d4632df855e4c8d24eb6ecfa1c", size = 12610885 },
    { url = "https://files.pythonhosted.org/packages/6b/9e/4bf918b818e516322db999ac25d00c75788ddfd2d2ade4fa66f1f38097e1/numpy-2.2.6-cp313-cp313t-macosx_10_13_x86_64.whl", hash = "sha256:0bca768cd85ae743b2affdc762d617eddf3bcf8724435498a1e80132d04879e6", size = 20963467 },
    { url = "https://files.pythonhosted.org/packages/61/66/d2de6b291507517ff2e438e13ff7b1e2cdbdb7cb40b3ed475377aece69f9/numpy-2.2.6-cp313-cp313t-macosx_11_0_arm64.whl", hash = "sha256:fc0c5673685c508a142ca65209b4e79ed6740a4ed6b2267dbba90f34b0b3cfda", size = 14225144 },
    { url = "https://files.pythonhosted.org/packages/e4/25/480387655407ead912e28ba3a820bc69af9adf13bcbe40b299d454ec011f/numpy-2.2.6-cp313-cp313t-macosx_14_0_arm64.whl", hash = "sha256:5bd4fc3ac8926b3819797a7c0e2631eb889b4118a9898c84f585a54d475b7e40", size = 5200217 },
    { url = "https://files.pythonhosted.org/packages/aa/4a/6e313b5108f53dcbf3aca0c0f3e9c92f4c10ce57a0a721851f9785872895/numpy-2.2.6-cp313-cp313t-macosx_14_0_x86_64.whl", hash = "sha256:fee4236c876c4e8369388054d02d0e9bb84821feb1a64dd59e137e6511a551f8", size = 6712014 },
    { url = "https://files.pythonhosted.org/packages/b7/30/172c2d5c4be71fdf476e9de553443cf8e25feddbe185e0bd88b096915bcc/numpy-2.2.6-cp313-cp313t-manylinux_2_17_aarch64.manylinux2014_aarch64.whl", hash = "sha256:e1dda9c7e08dc141e0247a5b8f49cf05984955246a327d4c48bda16821947b2f", size = 14077935 },
    { url = "https://files.pythonhosted.org/packages/12/fb/9e743f8d4e4d3c710902cf87af3512082ae3d43b945d5d16563f26ec251d/numpy-2.2.6-cp313-cp313t-manylinux_2_17_x86_64.manylinux2014_x86_64.whl", hash = "sha256:f447e6acb680fd307f40d3da4852208af94afdfab89cf850986c3ca00562f4fa", size = 16600122 },
    { url = "https://files.pythonhosted.org/packages/12/75/ee20da0e58d3a66f204f38916757e01e33a9737d0b22373b3eb5a27358f9/numpy-2.2.6-cp313-cp313t-musllinux_1_2_aarch64.whl", hash = "sha256:389d771b1623ec92636b0786bc4ae56abafad4a4c513d36a55dce14bd9ce8571", size = 15586143 },
    { url = "https://files.pythonhosted.org/packages/76/95/bef5b37f29fc5e739947e9ce5179ad402875633308504a52d188302319c8/numpy-2.2.6-cp313-cp313t-musllinux_1_2_x86_64.whl", hash = "sha256:8e9ace4a37db23421249ed236fdcdd457d671e25146786dfc96835cd951aa7c1", size = 18385260 },
    { url = "https://files.pythonhosted.org/packages/09/04/f2f83279d287407cf36a7a8053a5abe7be3622a4363337338f2585e4afda/numpy-2.2.6-cp313-cp313t-win32.whl", hash = "sha256:038613e9fb8c72b0a41f025a7e4c3f0b7a1b5d768ece4796b674c8f3fe13efff", size = 6377225 },
    { url = "https://files.pythonhosted.org/packages/67/0e/35082d13c09c02c011cf21570543d202ad929d961c02a147493cb0c2bdf5/numpy-2.2.6-cp313-cp313t-win_amd64.whl", hash = "sha256:6031dd6dfecc0cf9f668681a37648373bddd6421fff6c66ec1624eed0180ee06", size = 12771374 },
    { url = "https://files.pythonhosted.org/packages/9e/3b/d94a75f4dbf1ef5d321523ecac21ef23a3cd2ac8b78ae2aac40873590229/numpy-2.2.6-pp310-pypy310_pp73-macosx_10_15_x86_64.whl", hash = "sha256:0b605b275d7bd0c640cad4e5d30fa701a8d59302e127e5f79138ad62762c3e3d", size = 21040391 },
    { url = "https://files.pythonhosted.org/packages/17/f4/09b2fa1b58f0fb4f7c7963a1649c64c4d315752240377ed74d9cd878f7b5/numpy-2.2.6-pp310-pypy310_pp73-macosx_14_0_x86_64.whl", hash = "sha256:7befc596a7dc9da8a337f79802ee8adb30a552a94f792b9c9d18c840055907db", size = 6786754 },
    { url = "https://files.pythonhosted.org/packages/af/30/feba75f143bdc868a1cc3f44ccfa6c4b9ec522b36458e738cd00f67b573f/numpy-2.2.6-pp310-pypy310_pp73-manylinux_2_17_x86_64.manylinux2014_x86_64.whl", hash = "sha256:ce47521a4754c8f4593837384bd3424880629f718d87c5d44f8ed763edd63543", size = 16643476 },
    { url = "https://files.pythonhosted.org/packages/37/48/ac2a9584402fb6c0cd5b5d1a91dcf176b15760130dd386bbafdbfe3640bf/numpy-2.2.6-pp310-pypy310_pp73-win_amd64.whl", hash = "sha256:d042d24c90c41b54fd506da306759e06e568864df8ec17ccc17e9e884634fd00", size = 12812666 },
]

[[package]]
name = "numpy"
version = "2.3.2"
source = { registry = "https://pypi.org/simple" }
resolution-markers = [
    "python_full_version >= '3.11'",
]
sdist = { url = "https://files.pythonhosted.org/packages/37/7d/3fec4199c5ffb892bed55cff901e4f39a58c81df9c44c280499e92cad264/numpy-2.3.2.tar.gz", hash = "sha256:e0486a11ec30cdecb53f184d496d1c6a20786c81e55e41640270130056f8ee48", size = 20489306 }
wheels = [
    { url = "https://files.pythonhosted.org/packages/96/26/1320083986108998bd487e2931eed2aeedf914b6e8905431487543ec911d/numpy-2.3.2-cp311-cp311-macosx_10_9_x86_64.whl", hash = "sha256:852ae5bed3478b92f093e30f785c98e0cb62fa0a939ed057c31716e18a7a22b9", size = 21259016 },
    { url = "https://files.pythonhosted.org/packages/c4/2b/792b341463fa93fc7e55abbdbe87dac316c5b8cb5e94fb7a59fb6fa0cda5/numpy-2.3.2-cp311-cp311-macosx_11_0_arm64.whl", hash = "sha256:7a0e27186e781a69959d0230dd9909b5e26024f8da10683bd6344baea1885168", size = 14451158 },
    { url = "https://files.pythonhosted.org/packages/b7/13/e792d7209261afb0c9f4759ffef6135b35c77c6349a151f488f531d13595/numpy-2.3.2-cp311-cp311-macosx_14_0_arm64.whl", hash = "sha256:f0a1a8476ad77a228e41619af2fa9505cf69df928e9aaa165746584ea17fed2b", size = 5379817 },
    { url = "https://files.pythonhosted.org/packages/49/ce/055274fcba4107c022b2113a213c7287346563f48d62e8d2a5176ad93217/numpy-2.3.2-cp311-cp311-macosx_14_0_x86_64.whl", hash = "sha256:cbc95b3813920145032412f7e33d12080f11dc776262df1712e1638207dde9e8", size = 6913606 },
    { url = "https://files.pythonhosted.org/packages/17/f2/e4d72e6bc5ff01e2ab613dc198d560714971900c03674b41947e38606502/numpy-2.3.2-cp311-cp311-manylinux_2_27_aarch64.manylinux_2_28_aarch64.whl", hash = "sha256:f75018be4980a7324edc5930fe39aa391d5734531b1926968605416ff58c332d", size = 14589652 },
    { url = "https://files.pythonhosted.org/packages/c8/b0/fbeee3000a51ebf7222016e2939b5c5ecf8000a19555d04a18f1e02521b8/numpy-2.3.2-cp311-cp311-manylinux_2_27_x86_64.manylinux_2_28_x86_64.whl", hash = "sha256:20b8200721840f5621b7bd03f8dcd78de33ec522fc40dc2641aa09537df010c3", size = 16938816 },
    { url = "https://files.pythonhosted.org/packages/a9/ec/2f6c45c3484cc159621ea8fc000ac5a86f1575f090cac78ac27193ce82cd/numpy-2.3.2-cp311-cp311-musllinux_1_2_aarch64.whl", hash = "sha256:1f91e5c028504660d606340a084db4b216567ded1056ea2b4be4f9d10b67197f", size = 16370512 },
    { url = "https://files.pythonhosted.org/packages/b5/01/dd67cf511850bd7aefd6347aaae0956ed415abea741ae107834aae7d6d4e/numpy-2.3.2-cp311-cp311-musllinux_1_2_x86_64.whl", hash = "sha256:fb1752a3bb9a3ad2d6b090b88a9a0ae1cd6f004ef95f75825e2f382c183b2097", size = 18884947 },
    { url = "https://files.pythonhosted.org/packages/a7/17/2cf60fd3e6a61d006778735edf67a222787a8c1a7842aed43ef96d777446/numpy-2.3.2-cp311-cp311-win32.whl", hash = "sha256:4ae6863868aaee2f57503c7a5052b3a2807cf7a3914475e637a0ecd366ced220", size = 6599494 },
    { url = "https://files.pythonhosted.org/packages/d5/03/0eade211c504bda872a594f045f98ddcc6caef2b7c63610946845e304d3f/numpy-2.3.2-cp311-cp311-win_amd64.whl", hash = "sha256:240259d6564f1c65424bcd10f435145a7644a65a6811cfc3201c4a429ba79170", size = 13087889 },
    { url = "https://files.pythonhosted.org/packages/13/32/2c7979d39dafb2a25087e12310fc7f3b9d3c7d960df4f4bc97955ae0ce1d/numpy-2.3.2-cp311-cp311-win_arm64.whl", hash = "sha256:4209f874d45f921bde2cff1ffcd8a3695f545ad2ffbef6d3d3c6768162efab89", size = 10459560 },
    { url = "https://files.pythonhosted.org/packages/00/6d/745dd1c1c5c284d17725e5c802ca4d45cfc6803519d777f087b71c9f4069/numpy-2.3.2-cp312-cp312-macosx_10_13_x86_64.whl", hash = "sha256:bc3186bea41fae9d8e90c2b4fb5f0a1f5a690682da79b92574d63f56b529080b", size = 20956420 },
    { url = "https://files.pythonhosted.org/packages/bc/96/e7b533ea5740641dd62b07a790af5d9d8fec36000b8e2d0472bd7574105f/numpy-2.3.2-cp312-cp312-macosx_11_0_arm64.whl", hash = "sha256:2f4f0215edb189048a3c03bd5b19345bdfa7b45a7a6f72ae5945d2a28272727f", size = 14184660 },
    { url = "https://files.pythonhosted.org/packages/2b/53/102c6122db45a62aa20d1b18c9986f67e6b97e0d6fbc1ae13e3e4c84430c/numpy-2.3.2-cp312-cp312-macosx_14_0_arm64.whl", hash = "sha256:8b1224a734cd509f70816455c3cffe13a4f599b1bf7130f913ba0e2c0b2006c0", size = 5113382 },
    { url = "https://files.pythonhosted.org/packages/2b/21/376257efcbf63e624250717e82b4fae93d60178f09eb03ed766dbb48ec9c/numpy-2.3.2-cp312-cp312-macosx_14_0_x86_64.whl", hash = "sha256:3dcf02866b977a38ba3ec10215220609ab9667378a9e2150615673f3ffd6c73b", size = 6647258 },
    { url = "https://files.pythonhosted.org/packages/91/ba/f4ebf257f08affa464fe6036e13f2bf9d4642a40228781dc1235da81be9f/numpy-2.3.2-cp312-cp312-manylinux_2_27_aarch64.manylinux_2_28_aarch64.whl", hash = "sha256:572d5512df5470f50ada8d1972c5f1082d9a0b7aa5944db8084077570cf98370", size = 14281409 },
    { url = "https://files.pythonhosted.org/packages/59/ef/f96536f1df42c668cbacb727a8c6da7afc9c05ece6d558927fb1722693e1/numpy-2.3.2-cp312-cp312-manylinux_2_27_x86_64.manylinux_2_28_x86_64.whl", hash = "sha256:8145dd6d10df13c559d1e4314df29695613575183fa2e2d11fac4c208c8a1f73", size = 16641317 },
    { url = "https://files.pythonhosted.org/packages/f6/a7/af813a7b4f9a42f498dde8a4c6fcbff8100eed00182cc91dbaf095645f38/numpy-2.3.2-cp312-cp312-musllinux_1_2_aarch64.whl", hash = "sha256:103ea7063fa624af04a791c39f97070bf93b96d7af7eb23530cd087dc8dbe9dc", size = 16056262 },
    { url = "https://files.pythonhosted.org/packages/8b/5d/41c4ef8404caaa7f05ed1cfb06afe16a25895260eacbd29b4d84dff2920b/numpy-2.3.2-cp312-cp312-musllinux_1_2_x86_64.whl", hash = "sha256:fc927d7f289d14f5e037be917539620603294454130b6de200091e23d27dc9be", size = 18579342 },
    { url = "https://files.pythonhosted.org/packages/a1/4f/9950e44c5a11636f4a3af6e825ec23003475cc9a466edb7a759ed3ea63bd/numpy-2.3.2-cp312-cp312-win32.whl", hash = "sha256:d95f59afe7f808c103be692175008bab926b59309ade3e6d25009e9a171f7036", size = 6320610 },
    { url = "https://files.pythonhosted.org/packages/7c/2f/244643a5ce54a94f0a9a2ab578189c061e4a87c002e037b0829dd77293b6/numpy-2.3.2-cp312-cp312-win_amd64.whl", hash = "sha256:9e196ade2400c0c737d93465327d1ae7c06c7cb8a1756121ebf54b06ca183c7f", size = 12786292 },
    { url = "https://files.pythonhosted.org/packages/54/cd/7b5f49d5d78db7badab22d8323c1b6ae458fbf86c4fdfa194ab3cd4eb39b/numpy-2.3.2-cp312-cp312-win_arm64.whl", hash = "sha256:ee807923782faaf60d0d7331f5e86da7d5e3079e28b291973c545476c2b00d07", size = 10194071 },
    { url = "https://files.pythonhosted.org/packages/1c/c0/c6bb172c916b00700ed3bf71cb56175fd1f7dbecebf8353545d0b5519f6c/numpy-2.3.2-cp313-cp313-macosx_10_13_x86_64.whl", hash = "sha256:c8d9727f5316a256425892b043736d63e89ed15bbfe6556c5ff4d9d4448ff3b3", size = 20949074 },
    { url = "https://files.pythonhosted.org/packages/20/4e/c116466d22acaf4573e58421c956c6076dc526e24a6be0903219775d862e/numpy-2.3.2-cp313-cp313-macosx_11_0_arm64.whl", hash = "sha256:efc81393f25f14d11c9d161e46e6ee348637c0a1e8a54bf9dedc472a3fae993b", size = 14177311 },
    { url = "https://files.pythonhosted.org/packages/78/45/d4698c182895af189c463fc91d70805d455a227261d950e4e0f1310c2550/numpy-2.3.2-cp313-cp313-macosx_14_0_arm64.whl", hash = "sha256:dd937f088a2df683cbb79dda9a772b62a3e5a8a7e76690612c2737f38c6ef1b6", size = 5106022 },
    { url = "https://files.pythonhosted.org/packages/9f/76/3e6880fef4420179309dba72a8c11f6166c431cf6dee54c577af8906f914/numpy-2.3.2-cp313-cp313-macosx_14_0_x86_64.whl", hash = "sha256:11e58218c0c46c80509186e460d79fbdc9ca1eb8d8aee39d8f2dc768eb781089", size = 6640135 },
    { url = "https://files.pythonhosted.org/packages/34/fa/87ff7f25b3c4ce9085a62554460b7db686fef1e0207e8977795c7b7d7ba1/numpy-2.3.2-cp313-cp313-manylinux_2_27_aarch64.manylinux_2_28_aarch64.whl", hash = "sha256:5ad4ebcb683a1f99f4f392cc522ee20a18b2bb12a2c1c42c3d48d5a1adc9d3d2", size = 14278147 },
    { url = "https://files.pythonhosted.org/packages/1d/0f/571b2c7a3833ae419fe69ff7b479a78d313581785203cc70a8db90121b9a/numpy-2.3.2-cp313-cp313-manylinux_2_27_x86_64.manylinux_2_28_x86_64.whl", hash = "sha256:938065908d1d869c7d75d8ec45f735a034771c6ea07088867f713d1cd3bbbe4f", size = 16635989 },
    { url = "https://files.pythonhosted.org/packages/24/5a/84ae8dca9c9a4c592fe11340b36a86ffa9fd3e40513198daf8a97839345c/numpy-2.3.2-cp313-cp313-musllinux_1_2_aarch64.whl", hash = "sha256:66459dccc65d8ec98cc7df61307b64bf9e08101f9598755d42d8ae65d9a7a6ee", size = 16053052 },
    { url = "https://files.pythonhosted.org/packages/57/7c/e5725d99a9133b9813fcf148d3f858df98511686e853169dbaf63aec6097/numpy-2.3.2-cp313-cp313-musllinux_1_2_x86_64.whl", hash = "sha256:a7af9ed2aa9ec5950daf05bb11abc4076a108bd3c7db9aa7251d5f107079b6a6", size = 18577955 },
    { url = "https://files.pythonhosted.org/packages/ae/11/7c546fcf42145f29b71e4d6f429e96d8d68e5a7ba1830b2e68d7418f0bbd/numpy-2.3.2-cp313-cp313-win32.whl", hash = "sha256:906a30249315f9c8e17b085cc5f87d3f369b35fedd0051d4a84686967bdbbd0b", size = 6311843 },
    { url = "https://files.pythonhosted.org/packages/aa/6f/a428fd1cb7ed39b4280d057720fed5121b0d7754fd2a9768640160f5517b/numpy-2.3.2-cp313-cp313-win_amd64.whl", hash = "sha256:c63d95dc9d67b676e9108fe0d2182987ccb0f11933c1e8959f42fa0da8d4fa56", size = 12782876 },
    { url = "https://files.pythonhosted.org/packages/65/85/4ea455c9040a12595fb6c43f2c217257c7b52dd0ba332c6a6c1d28b289fe/numpy-2.3.2-cp313-cp313-win_arm64.whl", hash = "sha256:b05a89f2fb84d21235f93de47129dd4f11c16f64c87c33f5e284e6a3a54e43f2", size = 10192786 },
    { url = "https://files.pythonhosted.org/packages/80/23/8278f40282d10c3f258ec3ff1b103d4994bcad78b0cba9208317f6bb73da/numpy-2.3.2-cp313-cp313t-macosx_10_13_x86_64.whl", hash = "sha256:4e6ecfeddfa83b02318f4d84acf15fbdbf9ded18e46989a15a8b6995dfbf85ab", size = 21047395 },
    { url = "https://files.pythonhosted.org/packages/1f/2d/624f2ce4a5df52628b4ccd16a4f9437b37c35f4f8a50d00e962aae6efd7a/numpy-2.3.2-cp313-cp313t-macosx_11_0_arm64.whl", hash = "sha256:508b0eada3eded10a3b55725b40806a4b855961040180028f52580c4729916a2", size = 14300374 },
    { url = "https://files.pythonhosted.org/packages/f6/62/ff1e512cdbb829b80a6bd08318a58698867bca0ca2499d101b4af063ee97/numpy-2.3.2-cp313-cp313t-macosx_14_0_arm64.whl", hash = "sha256:754d6755d9a7588bdc6ac47dc4ee97867271b17cee39cb87aef079574366db0a", size = 5228864 },
    { url = "https://files.pythonhosted.org/packages/7d/8e/74bc18078fff03192d4032cfa99d5a5ca937807136d6f5790ce07ca53515/numpy-2.3.2-cp313-cp313t-macosx_14_0_x86_64.whl", hash = "sha256:a9f66e7d2b2d7712410d3bc5684149040ef5f19856f20277cd17ea83e5006286", size = 6737533 },
    { url = "https://files.pythonhosted.org/packages/19/ea/0731efe2c9073ccca5698ef6a8c3667c4cf4eea53fcdcd0b50140aba03bc/numpy-2.3.2-cp313-cp313t-manylinux_2_27_aarch64.manylinux_2_28_aarch64.whl", hash = "sha256:de6ea4e5a65d5a90c7d286ddff2b87f3f4ad61faa3db8dabe936b34c2275b6f8", size = 14352007 },
    { url = "https://files.pythonhosted.org/packages/cf/90/36be0865f16dfed20f4bc7f75235b963d5939707d4b591f086777412ff7b/numpy-2.3.2-cp313-cp313t-manylinux_2_27_x86_64.manylinux_2_28_x86_64.whl", hash = "sha256:a3ef07ec8cbc8fc9e369c8dcd52019510c12da4de81367d8b20bc692aa07573a", size = 16701914 },
    { url = "https://files.pythonhosted.org/packages/94/30/06cd055e24cb6c38e5989a9e747042b4e723535758e6153f11afea88c01b/numpy-2.3.2-cp313-cp313t-musllinux_1_2_aarch64.whl", hash = "sha256:27c9f90e7481275c7800dc9c24b7cc40ace3fdb970ae4d21eaff983a32f70c91", size = 16132708 },
    { url = "https://files.pythonhosted.org/packages/9a/14/ecede608ea73e58267fd7cb78f42341b3b37ba576e778a1a06baffbe585c/numpy-2.3.2-cp313-cp313t-musllinux_1_2_x86_64.whl", hash = "sha256:07b62978075b67eee4065b166d000d457c82a1efe726cce608b9db9dd66a73a5", size = 18651678 },
    { url = "https://files.pythonhosted.org/packages/40/f3/2fe6066b8d07c3685509bc24d56386534c008b462a488b7f503ba82b8923/numpy-2.3.2-cp313-cp313t-win32.whl", hash = "sha256:c771cfac34a4f2c0de8e8c97312d07d64fd8f8ed45bc9f5726a7e947270152b5", size = 6441832 },
    { url = "https://files.pythonhosted.org/packages/0b/ba/0937d66d05204d8f28630c9c60bc3eda68824abde4cf756c4d6aad03b0c6/numpy-2.3.2-cp313-cp313t-win_amd64.whl", hash = "sha256:72dbebb2dcc8305c431b2836bcc66af967df91be793d63a24e3d9b741374c450", size = 12927049 },
    { url = "https://files.pythonhosted.org/packages/e9/ed/13542dd59c104d5e654dfa2ac282c199ba64846a74c2c4bcdbc3a0f75df1/numpy-2.3.2-cp313-cp313t-win_arm64.whl", hash = "sha256:72c6df2267e926a6d5286b0a6d556ebe49eae261062059317837fda12ddf0c1a", size = 10262935 },
    { url = "https://files.pythonhosted.org/packages/c9/7c/7659048aaf498f7611b783e000c7268fcc4dcf0ce21cd10aad7b2e8f9591/numpy-2.3.2-cp314-cp314-macosx_10_13_x86_64.whl", hash = "sha256:448a66d052d0cf14ce9865d159bfc403282c9bc7bb2a31b03cc18b651eca8b1a", size = 20950906 },
    { url = "https://files.pythonhosted.org/packages/80/db/984bea9d4ddf7112a04cfdfb22b1050af5757864cfffe8e09e44b7f11a10/numpy-2.3.2-cp314-cp314-macosx_11_0_arm64.whl", hash = "sha256:546aaf78e81b4081b2eba1d105c3b34064783027a06b3ab20b6eba21fb64132b", size = 14185607 },
    { url = "https://files.pythonhosted.org/packages/e4/76/b3d6f414f4eca568f469ac112a3b510938d892bc5a6c190cb883af080b77/numpy-2.3.2-cp314-cp314-macosx_14_0_arm64.whl", hash = "sha256:87c930d52f45df092f7578889711a0768094debf73cfcde105e2d66954358125", size = 5114110 },
    { url = "https://files.pythonhosted.org/packages/9e/d2/6f5e6826abd6bca52392ed88fe44a4b52aacb60567ac3bc86c67834c3a56/numpy-2.3.2-cp314-cp314-macosx_14_0_x86_64.whl", hash = "sha256:8dc082ea901a62edb8f59713c6a7e28a85daddcb67454c839de57656478f5b19", size = 6642050 },
    { url = "https://files.pythonhosted.org/packages/c4/43/f12b2ade99199e39c73ad182f103f9d9791f48d885c600c8e05927865baf/numpy-2.3.2-cp314-cp314-manylinux_2_27_aarch64.manylinux_2_28_aarch64.whl", hash = "sha256:af58de8745f7fa9ca1c0c7c943616c6fe28e75d0c81f5c295810e3c83b5be92f", size = 14296292 },
    { url = "https://files.pythonhosted.org/packages/5d/f9/77c07d94bf110a916b17210fac38680ed8734c236bfed9982fd8524a7b47/numpy-2.3.2-cp314-cp314-manylinux_2_27_x86_64.manylinux_2_28_x86_64.whl", hash = "sha256:fed5527c4cf10f16c6d0b6bee1f89958bccb0ad2522c8cadc2efd318bcd545f5", size = 16638913 },
    { url = "https://files.pythonhosted.org/packages/9b/d1/9d9f2c8ea399cc05cfff8a7437453bd4e7d894373a93cdc46361bbb49a7d/numpy-2.3.2-cp314-cp314-musllinux_1_2_aarch64.whl", hash = "sha256:095737ed986e00393ec18ec0b21b47c22889ae4b0cd2d5e88342e08b01141f58", size = 16071180 },
    { url = "https://files.pythonhosted.org/packages/4c/41/82e2c68aff2a0c9bf315e47d61951099fed65d8cb2c8d9dc388cb87e947e/numpy-2.3.2-cp314-cp314-musllinux_1_2_x86_64.whl", hash = "sha256:b5e40e80299607f597e1a8a247ff8d71d79c5b52baa11cc1cce30aa92d2da6e0", size = 18576809 },
    { url = "https://files.pythonhosted.org/packages/14/14/4b4fd3efb0837ed252d0f583c5c35a75121038a8c4e065f2c259be06d2d8/numpy-2.3.2-cp314-cp314-win32.whl", hash = "sha256:7d6e390423cc1f76e1b8108c9b6889d20a7a1f59d9a60cac4a050fa734d6c1e2", size = 6366410 },
    { url = "https://files.pythonhosted.org/packages/11/9e/b4c24a6b8467b61aced5c8dc7dcfce23621baa2e17f661edb2444a418040/numpy-2.3.2-cp314-cp314-win_amd64.whl", hash = "sha256:b9d0878b21e3918d76d2209c924ebb272340da1fb51abc00f986c258cd5e957b", size = 12918821 },
    { url = "https://files.pythonhosted.org/packages/0e/0f/0dc44007c70b1007c1cef86b06986a3812dd7106d8f946c09cfa75782556/numpy-2.3.2-cp314-cp314-win_arm64.whl", hash = "sha256:2738534837c6a1d0c39340a190177d7d66fdf432894f469728da901f8f6dc910", size = 10477303 },
    { url = "https://files.pythonhosted.org/packages/8b/3e/075752b79140b78ddfc9c0a1634d234cfdbc6f9bbbfa6b7504e445ad7d19/numpy-2.3.2-cp314-cp314t-macosx_10_13_x86_64.whl", hash = "sha256:4d002ecf7c9b53240be3bb69d80f86ddbd34078bae04d87be81c1f58466f264e", size = 21047524 },
    { url = "https://files.pythonhosted.org/packages/fe/6d/60e8247564a72426570d0e0ea1151b95ce5bd2f1597bb878a18d32aec855/numpy-2.3.2-cp314-cp314t-macosx_11_0_arm64.whl", hash = "sha256:293b2192c6bcce487dbc6326de5853787f870aeb6c43f8f9c6496db5b1781e45", size = 14300519 },
    { url = "https://files.pythonhosted.org/packages/4d/73/d8326c442cd428d47a067070c3ac6cc3b651a6e53613a1668342a12d4479/numpy-2.3.2-cp314-cp314t-macosx_14_0_arm64.whl", hash = "sha256:0a4f2021a6da53a0d580d6ef5db29947025ae8b35b3250141805ea9a32bbe86b", size = 5228972 },
    { url = "https://files.pythonhosted.org/packages/34/2e/e71b2d6dad075271e7079db776196829019b90ce3ece5c69639e4f6fdc44/numpy-2.3.2-cp314-cp314t-macosx_14_0_x86_64.whl", hash = "sha256:9c144440db4bf3bb6372d2c3e49834cc0ff7bb4c24975ab33e01199e645416f2", size = 6737439 },
    { url = "https://files.pythonhosted.org/packages/15/b0/d004bcd56c2c5e0500ffc65385eb6d569ffd3363cb5e593ae742749b2daa/numpy-2.3.2-cp314-cp314t-manylinux_2_27_aarch64.manylinux_2_28_aarch64.whl", hash = "sha256:f92d6c2a8535dc4fe4419562294ff957f83a16ebdec66df0805e473ffaad8bd0", size = 14352479 },
    { url = "https://files.pythonhosted.org/packages/11/e3/285142fcff8721e0c99b51686426165059874c150ea9ab898e12a492e291/numpy-2.3.2-cp314-cp314t-manylinux_2_27_x86_64.manylinux_2_28_x86_64.whl", hash = "sha256:cefc2219baa48e468e3db7e706305fcd0c095534a192a08f31e98d83a7d45fb0", size = 16702805 },
    { url = "https://files.pythonhosted.org/packages/33/c3/33b56b0e47e604af2c7cd065edca892d180f5899599b76830652875249a3/numpy-2.3.2-cp314-cp314t-musllinux_1_2_aarch64.whl", hash = "sha256:76c3e9501ceb50b2ff3824c3589d5d1ab4ac857b0ee3f8f49629d0de55ecf7c2", size = 16133830 },
    { url = "https://files.pythonhosted.org/packages/6e/ae/7b1476a1f4d6a48bc669b8deb09939c56dd2a439db1ab03017844374fb67/numpy-2.3.2-cp314-cp314t-musllinux_1_2_x86_64.whl", hash = "sha256:122bf5ed9a0221b3419672493878ba4967121514b1d7d4656a7580cd11dddcbf", size = 18652665 },
    { url = "https://files.pythonhosted.org/packages/14/ba/5b5c9978c4bb161034148ade2de9db44ec316fab89ce8c400db0e0c81f86/numpy-2.3.2-cp314-cp314t-win32.whl", hash = "sha256:6f1ae3dcb840edccc45af496f312528c15b1f79ac318169d094e85e4bb35fdf1", size = 6514777 },
    { url = "https://files.pythonhosted.org/packages/eb/46/3dbaf0ae7c17cdc46b9f662c56da2054887b8d9e737c1476f335c83d33db/numpy-2.3.2-cp314-cp314t-win_amd64.whl", hash = "sha256:087ffc25890d89a43536f75c5fe8770922008758e8eeeef61733957041ed2f9b", size = 13111856 },
    { url = "https://files.pythonhosted.org/packages/c1/9e/1652778bce745a67b5fe05adde60ed362d38eb17d919a540e813d30f6874/numpy-2.3.2-cp314-cp314t-win_arm64.whl", hash = "sha256:092aeb3449833ea9c0bf0089d70c29ae480685dd2377ec9cdbbb620257f84631", size = 10544226 },
    { url = "https://files.pythonhosted.org/packages/cf/ea/50ebc91d28b275b23b7128ef25c3d08152bc4068f42742867e07a870a42a/numpy-2.3.2-pp311-pypy311_pp73-macosx_10_15_x86_64.whl", hash = "sha256:14a91ebac98813a49bc6aa1a0dfc09513dcec1d97eaf31ca21a87221a1cdcb15", size = 21130338 },
    { url = "https://files.pythonhosted.org/packages/9f/57/cdd5eac00dd5f137277355c318a955c0d8fb8aa486020c22afd305f8b88f/numpy-2.3.2-pp311-pypy311_pp73-macosx_11_0_arm64.whl", hash = "sha256:71669b5daae692189540cffc4c439468d35a3f84f0c88b078ecd94337f6cb0ec", size = 14375776 },
    { url = "https://files.pythonhosted.org/packages/83/85/27280c7f34fcd305c2209c0cdca4d70775e4859a9eaa92f850087f8dea50/numpy-2.3.2-pp311-pypy311_pp73-macosx_14_0_arm64.whl", hash = "sha256:69779198d9caee6e547adb933941ed7520f896fd9656834c300bdf4dd8642712", size = 5304882 },
    { url = "https://files.pythonhosted.org/packages/48/b4/6500b24d278e15dd796f43824e69939d00981d37d9779e32499e823aa0aa/numpy-2.3.2-pp311-pypy311_pp73-macosx_14_0_x86_64.whl", hash = "sha256:2c3271cc4097beb5a60f010bcc1cc204b300bb3eafb4399376418a83a1c6373c", size = 6818405 },
    { url = "https://files.pythonhosted.org/packages/9b/c9/142c1e03f199d202da8e980c2496213509291b6024fd2735ad28ae7065c7/numpy-2.3.2-pp311-pypy311_pp73-manylinux_2_27_aarch64.manylinux_2_28_aarch64.whl", hash = "sha256:8446acd11fe3dc1830568c941d44449fd5cb83068e5c70bd5a470d323d448296", size = 14419651 },
    { url = "https://files.pythonhosted.org/packages/8b/95/8023e87cbea31a750a6c00ff9427d65ebc5fef104a136bfa69f76266d614/numpy-2.3.2-pp311-pypy311_pp73-manylinux_2_27_x86_64.manylinux_2_28_x86_64.whl", hash = "sha256:aa098a5ab53fa407fded5870865c6275a5cd4101cfdef8d6fafc48286a96e981", size = 16760166 },
    { url = "https://files.pythonhosted.org/packages/78/e3/6690b3f85a05506733c7e90b577e4762517404ea78bab2ca3a5cb1aeb78d/numpy-2.3.2-pp311-pypy311_pp73-win_amd64.whl", hash = "sha256:6936aff90dda378c09bea075af0d9c675fe3a977a9d2402f95a87f440f59f619", size = 12977811 },
]
